{
  "name": "lgbtq",
  "lockfileVersion": 2,
  "requires": true,
  "packages": {
    "": {
      "dependencies": {
        "vue2-interact": "^0.0.3"
      }
    },
    "node_modules/@babel/parser": {
      "version": "7.21.3",
      "license": "MIT",
      "peer": true,
      "bin": {
        "parser": "bin/babel-parser.js"
      },
      "engines": {
        "node": ">=6.0.0"
      }
    },
    "node_modules/@vue/compiler-sfc": {
      "version": "2.7.14",
      "peer": true,
      "dependencies": {
        "@babel/parser": "^7.18.4",
        "postcss": "^8.4.14",
        "source-map": "^0.6.1"
      }
    },
    "node_modules/csstype": {
      "version": "3.1.1",
      "license": "MIT",
      "peer": true
    },
    "node_modules/interact.js": {
      "version": "1.2.8",
      "resolved": "https://registry.npmjs.org/interact.js/-/interact.js-1.2.8.tgz",
      "integrity": "sha512-VXUfuD1xCq97yYfp0qi5D+dkEBKsvSkOaoIQuWualzrHh5oVF6IbEc8jZRpfnooQShFJNPBdoDhN6SBKAdEJ6Q==",
      "deprecated": "This package has been renamed to 'interactjs' (without the dot)"
    },
    "node_modules/nanoid": {
      "version": "3.3.4",
      "license": "MIT",
      "peer": true,
      "bin": {
        "nanoid": "bin/nanoid.cjs"
      },
      "engines": {
        "node": "^10 || ^12 || ^13.7 || ^14 || >=15.0.1"
      }
    },
    "node_modules/picocolors": {
      "version": "1.0.0",
      "license": "ISC",
      "peer": true
    },
    "node_modules/postcss": {
      "version": "8.4.21",
      "funding": [
        {
          "type": "opencollective",
          "url": "https://opencollective.com/postcss/"
        },
        {
          "type": "tidelift",
          "url": "https://tidelift.com/funding/github/npm/postcss"
        }
      ],
      "license": "MIT",
      "peer": true,
      "dependencies": {
        "nanoid": "^3.3.4",
        "picocolors": "^1.0.0",
        "source-map-js": "^1.0.2"
      },
      "engines": {
        "node": "^10 || ^12 || >=14"
      }
    },
    "node_modules/source-map": {
      "version": "0.6.1",
      "license": "BSD-3-Clause",
      "peer": true,
      "engines": {
        "node": ">=0.10.0"
      }
    },
    "node_modules/source-map-js": {
      "version": "1.0.2",
      "license": "BSD-3-Clause",
      "peer": true,
      "engines": {
        "node": ">=0.10.0"
      }
    },
    "node_modules/vue": {
      "version": "2.7.14",
      "license": "MIT",
      "peer": true,
      "dependencies": {
        "@vue/compiler-sfc": "2.7.14",
        "csstype": "^3.1.0"
      }
    },
    "node_modules/vue2-interact": {
      "version": "0.0.3",
      "resolved": "https://registry.npmjs.org/vue2-interact/-/vue2-interact-0.0.3.tgz",
      "integrity": "sha512-jfJ3Eo33ut2PqCOkh4mTcDLQdwkSN5eBf/VWYTpmLLBIn//xWZE4Hjn7Qc7Pv9STd581+oswSua4E3A+/h579w==",
      "dependencies": {
        "interact.js": "^1.2.8"
      },
      "peerDependencies": {
        "vue": "^2.5.17"
      }
    }
  },
  "dependencies": {
    "@babel/parser": {
      "version": "7.21.3",
      "peer": true
    },
    "@vue/compiler-sfc": {
      "version": "2.7.14",
      "peer": true,
      "requires": {
        "@babel/parser": "^7.18.4",
        "postcss": "^8.4.14",
        "source-map": "^0.6.1"
      }
    },
    "csstype": {
      "version": "3.1.1",
      "peer": true
    },
    "interact.js": {
      "version": "1.2.8",
      "resolved": "https://registry.npmjs.org/interact.js/-/interact.js-1.2.8.tgz",
      "integrity": "sha512-VXUfuD1xCq97yYfp0qi5D+dkEBKsvSkOaoIQuWualzrHh5oVF6IbEc8jZRpfnooQShFJNPBdoDhN6SBKAdEJ6Q=="
    },
    "nanoid": {
      "version": "3.3.4",
      "peer": true
    },
    "picocolors": {
      "version": "1.0.0",
      "peer": true
    },
    "postcss": {
      "version": "8.4.21",
      "peer": true,
      "requires": {
        "nanoid": "^3.3.4",
        "picocolors": "^1.0.0",
        "source-map-js": "^1.0.2"
      }
    },
    "source-map": {
      "version": "0.6.1",
      "peer": true
    },
    "source-map-js": {
      "version": "1.0.2",
      "peer": true
    },
    "vue": {
      "version": "2.7.14",
      "peer": true,
      "requires": {
        "@vue/compiler-sfc": "2.7.14",
        "csstype": "^3.1.0"
      }
    },
    "vue2-interact": {
      "version": "0.0.3",
      "resolved": "https://registry.npmjs.org/vue2-interact/-/vue2-interact-0.0.3.tgz",
      "integrity": "sha512-jfJ3Eo33ut2PqCOkh4mTcDLQdwkSN5eBf/VWYTpmLLBIn//xWZE4Hjn7Qc7Pv9STd581+oswSua4E3A+/h579w==",
      "requires": {
        "interact.js": "^1.2.8"
      }
    }
  }
}
